
Microsoft Visual Studio Solution File, Format Version 12.00
# Visual Studio 15
VisualStudioVersion = 15.0.28307.1525
MinimumVisualStudioVersion = 10.0.40219.1
Project("{9A19103F-16F7-4668-BE54-9A1E7A4F7556}") = "WebAPI", "WebAPI\WebAPI.csproj", "{0038F087-BD6F-4924-B3F7-84BA98F3FB2B}"
EndProject
Project("{FAE04EC0-301F-11D3-BF4B-00C04F79EFBC}") = "WebApplication2", "WebApplication2\WebApplication2.csproj", "{C83A7CB2-525B-4E0F-B947-8887A24F5C83}"
EndProject
Global
	GlobalSection(SolutionConfigurationPlatforms) = preSolution
		Debug|Any CPU = Debug|Any CPU
		Release|Any CPU = Release|Any CPU
	EndGlobalSection
	GlobalSection(ProjectConfigurationPlatforms) = postSolution
		{0038F087-BD6F-4924-B3F7-84BA98F3FB2B}.Debug|Any CPU.ActiveCfg = Debug|Any CPU
		{0038F087-BD6F-4924-B3F7-84BA98F3FB2B}.Debug|Any CPU.Build.0 = Debug|Any CPU
		{0038F087-BD6F-4924-B3F7-84BA98F3FB2B}.Release|Any CPU.ActiveCfg = Release|Any CPU
		{0038F087-BD6F-4924-B3F7-84BA98F3FB2B}.Release|Any CPU.Build.0 = Release|Any CPU
		{C83A7CB2-525B-4E0F-B947-8887A24F5C83}.Debug|Any CPU.ActiveCfg = Debug|Any CPU
		{C83A7CB2-525B-4E0F-B947-8887A24F5C83}.Debug|Any CPU.Build.0 = Debug|Any CPU
		{C83A7CB2-525B-4E0F-B947-8887A24F5C83}.Release|Any CPU.ActiveCfg = Release|Any CPU
		{C83A7CB2-525B-4E0F-B947-8887A24F5C83}.Release|Any CPU.Build.0 = Release|Any CPU
	EndGlobalSection
	GlobalSection(SolutionProperties) = preSolution
		HideSolutionNode = FALSE
	EndGlobalSection
	GlobalSection(ExtensibilityGlobals) = postSolution
		SolutionGuid = {5F8A1D64-5831-4651-A3F4-C63278CA80FD}
	EndGlobalSection
EndGlobal
